PODS:
  - CocoaDebug (1.7.2)
  - dojo-ios-sdk (1.1.0)
  - dojo-ios-sdk/dojo-ios-sdk-tests (1.1.0)

DEPENDENCIES:
  - CocoaDebug
  - dojo-ios-sdk (from `../`)
  - dojo-ios-sdk/dojo-ios-sdk-tests (from `../`)

SPEC REPOS:
  trunk:
    - CocoaDebug

EXTERNAL SOURCES:
  dojo-ios-sdk:
    :path: "../"

SPEC CHECKSUMS:
  CocoaDebug: 61cf93ada6ce8f3407507dc01f9b874d91ac1d5c
  dojo-ios-sdk: 3a40c63a8e3d3ea76c1fa16d6e56bf65b068a05e

PODFILE CHECKSUM: b2b5d1609b738e12e581a6bfa0dea4faab63e9f4

COCOAPODS: 1.11.3
