PODS:
  - CocoaDebug (1.7.2)
  - dojo-ios-sdk (0.7.6)
  - dojo-ios-sdk/dojo-ios-sdk-tests (0.7.6)

DEPENDENCIES:
  - CocoaDebug
  - dojo-ios-sdk (from `../`)
  - dojo-ios-sdk/dojo-ios-sdk-tests (from `../`)

SPEC REPOS:
  trunk:
    - CocoaDebug

EXTERNAL SOURCES:
  dojo-ios-sdk:
    :path: "../"

SPEC CHECKSUMS:
  CocoaDebug: 61cf93ada6ce8f3407507dc01f9b874d91ac1d5c
  dojo-ios-sdk: 15ca5579608aafb0cefe63aa1ddf0cd0cfd6b868

PODFILE CHECKSUM: fd55929dd74c36fd391ef76fff6e17d7cda306de

COCOAPODS: 1.11.3
